
Microsoft Visual Studio Solution File, Format Version 12.00
# Visual Studio 15
VisualStudioVersion = 15.0.27703.2035
MinimumVisualStudioVersion = 10.0.40219.1
Project("{E24C65DC-7377-472B-9ABA-BC803B73C61A}") = "Mario", "Mario\", "{E26B04E6-24BB-4FCA-A89A-01AF044EBAAC}"
	ProjectSection(WebsiteProperties) = preProject
		TargetFrameworkMoniker = ".NETFramework,Version%3Dv4.6.1"
		Debug.AspNetCompiler.VirtualPath = "/localhost_54847"
		Debug.AspNetCompiler.PhysicalPath = "Mario\"
		Debug.AspNetCompiler.TargetPath = "PrecompiledWeb\localhost_54847\"
		Debug.AspNetCompiler.Updateable = "true"
		Debug.AspNetCompiler.ForceOverwrite = "true"
		Debug.AspNetCompiler.FixedNames = "false"
		Debug.AspNetCompiler.Debug = "True"
		Release.AspNetCompiler.VirtualPath = "/localhost_54847"
		Release.AspNetCompiler.PhysicalPath = "Mario\"
		Release.AspNetCompiler.TargetPath = "PrecompiledWeb\localhost_54847\"
		Release.AspNetCompiler.Updateable = "true"
		Release.AspNetCompiler.ForceOverwrite = "true"
		Release.AspNetCompiler.FixedNames = "false"
		Release.AspNetCompiler.Debug = "False"
		VWDPort = "54847"
		SlnRelativePath = "Mario\"
		DefaultWebSiteLanguage = "Visual C#"
	EndProjectSection
EndProject
Global
	GlobalSection(SolutionConfigurationPlatforms) = preSolution
		Debug|Any CPU = Debug|Any CPU
	EndGlobalSection
	GlobalSection(ProjectConfigurationPlatforms) = postSolution
		{E26B04E6-24BB-4FCA-A89A-01AF044EBAAC}.Debug|Any CPU.ActiveCfg = Debug|Any CPU
		{E26B04E6-24BB-4FCA-A89A-01AF044EBAAC}.Debug|Any CPU.Build.0 = Debug|Any CPU
	EndGlobalSection
	GlobalSection(SolutionProperties) = preSolution
		HideSolutionNode = FALSE
	EndGlobalSection
	GlobalSection(ExtensibilityGlobals) = postSolution
		SolutionGuid = {791CDE48-BF5D-405F-9347-255ED1D962F2}
	EndGlobalSection
EndGlobal
